{
  "version": 4,
  "terraform_version": "1.3.6",
  "serial": 324,
  "lineage": "3967d6cf-d368-71d7-ca70-cb232be526f5",
  "outputs": {
    "subnet": {
      "value": [
        "subnet-0a43cd18542ca48af"
      ],
      "type": [
        "tuple",
        [
          "string"
        ]
      ]
    }
  },
  "resources": [
    {
      "mode": "managed",
      "type": "aws_internet_gateway",
      "name": "internet_gateway",
      "provider": "provider[\"registry.terraform.io/hashicorp/aws\"]",
      "instances": [
        {
          "schema_version": 0,
          "attributes": {
            "arn": "arn:aws:ec2:eu-west-1:331188050055:internet-gateway/igw-0b9a99fda5cc80cdd",
            "id": "igw-0b9a99fda5cc80cdd",
            "owner_id": "331188050055",
            "tags": {
              "Name": "Internet-gateway"
            },
            "tags_all": {
              "Name": "Internet-gateway"
            },
            "timeouts": null,
            "vpc_id": "vpc-0b23de13a8358578a"
          },
          "sensitive_attributes": [],
          "private": "eyJlMmJmYjczMC1lY2FhLTExZTYtOGY4OC0zNDM2M2JjN2M0YzAiOnsiY3JlYXRlIjoxMjAwMDAwMDAwMDAwLCJkZWxldGUiOjEyMDAwMDAwMDAwMDAsInVwZGF0ZSI6MTIwMDAwMDAwMDAwMH19",
          "dependencies": [
            "module.vpc.aws_vpc.vpc"
          ]
        }
      ]
    },
    {
      "mode": "managed",
      "type": "aws_key_pair",
      "name": "tf-key-pair",
      "provider": "provider[\"registry.terraform.io/hashicorp/aws\"]",
      "instances": [
        {
          "schema_version": 1,
          "attributes": {
            "arn": "arn:aws:ec2:eu-west-1:331188050055:key-pair/tf-key-pair",
            "fingerprint": "d0:dc:91:d0:fe:85:e2:73:28:a9:7d:8b:b4:3d:6d:13",
            "id": "tf-key-pair",
            "key_name": "tf-key-pair",
            "key_name_prefix": "",
            "key_pair_id": "key-0a0c2c315d051636b",
            "key_type": "rsa",
            "public_key": "ssh-rsa AAAAB3NzaC1yc2EAAAADAQABAAACAQC9gSPU0y19/ZS/qf+B4um2/1M01x/Nu5KXHvKijIElKNyCBUOdyzE20RDSKLWA8OCwn/qYcXD9Jcd6UI3y4wg0kcjIxZ2yAuCsJAMH13cwErXG1lw/38QOL6glDz7ef4X7/8BVxew1Q+18zBJVQ3WO/z5cMBKzvDU9czbAFwM9/CweeOGxUimFfmHu67fi/T6PePfWKFiTwpr/RBGKptjc3HGykl1pNW7eUH77N0ynver3bun4ln9uASmF6MUK7qwQ53aqdVuqSGyMIzEQb080SiEDfKbOA/eaXt00vwWIznW6GySjTQdAcLD29CnFAQ+7LYfe1dReoCFz7OReuDC7w8bTOjb2XoLQFZTqWxkasOL0y5K8nM9InVHIuQzrwNGW2s1VDNApaG9tqJh1UW7KD07N3ezk9ZT7B60u7CGEpVpZX0DAeL62Kpr3FQzR64/ejST2KSRwt8efBRFohb5sntAkZxUNAZYUo3Wxu9vh/SbdImsS9b/4MsBeFuNOHFwpfvewt6wqbo4wbUuZDvB1r0X4yCc5YVJ+V/bpJdWmwOlyoJtNJ3rDmSx/yr0Wta+GAdzYoeKVeOB5AiBVpHDfPLT38bzaTki/5XXkrpOklsGbCi6rk20fBYbZ2+6X39ZJznSvB9UY1cpWBuQ+RGJcoRaHFDaaKO2QeG5RxFAZwQ==",
            "tags": null,
            "tags_all": {}
          },
          "sensitive_attributes": [],
          "private": "eyJzY2hlbWFfdmVyc2lvbiI6IjEifQ==",
          "dependencies": [
            "tls_private_key.rsa"
          ]
        }
      ]
    },
    {
      "mode": "managed",
      "type": "aws_route_table",
      "name": "public",
      "provider": "provider[\"registry.terraform.io/hashicorp/aws\"]",
      "instances": [
        {
          "schema_version": 0,
          "attributes": {
            "arn": "arn:aws:ec2:eu-west-1:331188050055:route-table/rtb-08fe8e6cbfb1097aa",
            "id": "rtb-08fe8e6cbfb1097aa",
            "owner_id": "331188050055",
            "propagating_vgws": [],
            "route": [
              {
                "carrier_gateway_id": "",
                "cidr_block": "0.0.0.0/0",
                "core_network_arn": "",
                "destination_prefix_list_id": "",
                "egress_only_gateway_id": "",
                "gateway_id": "igw-0b9a99fda5cc80cdd",
                "instance_id": "",
                "ipv6_cidr_block": "",
                "local_gateway_id": "",
                "nat_gateway_id": "",
                "network_interface_id": "",
                "transit_gateway_id": "",
                "vpc_endpoint_id": "",
                "vpc_peering_connection_id": ""
              }
            ],
            "tags": {
              "Name": "public_route_table"
            },
            "tags_all": {
              "Name": "public_route_table"
            },
            "timeouts": null,
            "vpc_id": "vpc-0b23de13a8358578a"
          },
          "sensitive_attributes": [],
          "private": "eyJlMmJmYjczMC1lY2FhLTExZTYtOGY4OC0zNDM2M2JjN2M0YzAiOnsiY3JlYXRlIjozMDAwMDAwMDAwMDAsImRlbGV0ZSI6MzAwMDAwMDAwMDAwLCJ1cGRhdGUiOjEyMDAwMDAwMDAwMH19",
          "dependencies": [
            "aws_internet_gateway.internet_gateway",
            "module.vpc.aws_vpc.vpc"
          ]
        }
      ]
    },
    {
      "mode": "managed",
      "type": "aws_route_table_association",
      "name": "public",
      "provider": "provider[\"registry.terraform.io/hashicorp/aws\"]",
      "instances": [
        {
          "schema_version": 0,
          "attributes": {
            "gateway_id": "",
            "id": "rtbassoc-0e4e3f1989cd56cdc",
            "route_table_id": "rtb-08fe8e6cbfb1097aa",
            "subnet_id": "subnet-0c5a196a1c2fee196"
          },
          "sensitive_attributes": [],
          "private": "bnVsbA==",
          "dependencies": [
            "aws_internet_gateway.internet_gateway",
            "aws_route_table.public",
            "module.subnet.aws_subnet.subnet",
            "module.subnet.data.aws_availability_zones.AZ",
            "module.vpc.aws_vpc.vpc"
          ]
        }
      ]
    },
    {
      "mode": "managed",
      "type": "aws_security_group",
      "name": "front",
      "provider": "provider[\"registry.terraform.io/hashicorp/aws\"]",
      "instances": [
        {
          "index_key": "back",
          "schema_version": 1,
          "attributes": {
            "arn": "arn:aws:ec2:eu-west-1:331188050055:security-group/sg-0a2a6ed50aad98885",
            "description": "rules for back",
            "egress": [
              {
                "cidr_blocks": [
                  "0.0.0.0/0"
                ],
                "description": "",
                "from_port": 0,
                "ipv6_cidr_blocks": [],
                "prefix_list_ids": [],
                "protocol": "-1",
                "security_groups": [],
                "self": false,
                "to_port": 0
              }
            ],
            "id": "sg-0a2a6ed50aad98885",
            "ingress": [
              {
                "cidr_blocks": [
                  "0.0.0.0/0"
                ],
                "description": "HTTPS from VPC",
                "from_port": 22,
                "ipv6_cidr_blocks": [],
                "prefix_list_ids": [],
                "protocol": "tcp",
                "security_groups": [],
                "self": false,
                "to_port": 22
              }
            ],
            "name": "back",
            "name_prefix": "",
            "owner_id": "331188050055",
            "revoke_rules_on_delete": false,
            "tags": null,
            "tags_all": {},
            "timeouts": null,
            "vpc_id": "vpc-0b23de13a8358578a"
          },
          "sensitive_attributes": [],
          "private": "eyJlMmJmYjczMC1lY2FhLTExZTYtOGY4OC0zNDM2M2JjN2M0YzAiOnsiY3JlYXRlIjo2MDAwMDAwMDAwMDAsImRlbGV0ZSI6OTAwMDAwMDAwMDAwfSwic2NoZW1hX3ZlcnNpb24iOiIxIn0=",
          "dependencies": [
            "module.vpc.aws_vpc.vpc"
          ]
        },
        {
          "index_key": "front",
          "schema_version": 1,
          "attributes": {
            "arn": "arn:aws:ec2:eu-west-1:331188050055:security-group/sg-03a8162decafdffb5",
            "description": "rules for front",
            "egress": [
              {
                "cidr_blocks": [
                  "0.0.0.0/0"
                ],
                "description": "",
                "from_port": 0,
                "ipv6_cidr_blocks": [],
                "prefix_list_ids": [],
                "protocol": "-1",
                "security_groups": [],
                "self": false,
                "to_port": 0
              }
            ],
            "id": "sg-03a8162decafdffb5",
            "ingress": [
              {
                "cidr_blocks": [
                  "0.0.0.0/0"
                ],
                "description": "HTTPS from VPC",
                "from_port": 22,
                "ipv6_cidr_blocks": [],
                "prefix_list_ids": [],
                "protocol": "tcp",
                "security_groups": [],
                "self": false,
                "to_port": 22
              },
              {
                "cidr_blocks": [
                  "0.0.0.0/0"
                ],
                "description": "HTTPS from VPC",
                "from_port": 443,
                "ipv6_cidr_blocks": [],
                "prefix_list_ids": [],
                "protocol": "tcp",
                "security_groups": [],
                "self": false,
                "to_port": 443
              },
              {
                "cidr_blocks": [
                  "0.0.0.0/0"
                ],
                "description": "HTTPS from VPC",
                "from_port": 80,
                "ipv6_cidr_blocks": [],
                "prefix_list_ids": [],
                "protocol": "tcp",
                "security_groups": [],
                "self": false,
                "to_port": 80
              }
            ],
            "name": "front",
            "name_prefix": "",
            "owner_id": "331188050055",
            "revoke_rules_on_delete": false,
            "tags": null,
            "tags_all": {},
            "timeouts": null,
            "vpc_id": "vpc-0b23de13a8358578a"
          },
          "sensitive_attributes": [],
          "private": "eyJlMmJmYjczMC1lY2FhLTExZTYtOGY4OC0zNDM2M2JjN2M0YzAiOnsiY3JlYXRlIjo2MDAwMDAwMDAwMDAsImRlbGV0ZSI6OTAwMDAwMDAwMDAwfSwic2NoZW1hX3ZlcnNpb24iOiIxIn0=",
          "dependencies": [
            "module.vpc.aws_vpc.vpc"
          ]
        }
      ]
    },
    {
      "mode": "managed",
      "type": "local_file",
      "name": "tf-key",
      "provider": "provider[\"registry.terraform.io/hashicorp/local\"]",
      "instances": [
        {
          "schema_version": 0,
          "attributes": {
            "content": "-----BEGIN RSA PRIVATE KEY-----\nMIIJKgIBAAKCAgEAvYEj1NMtff2Uv6n/geLptv9TNNcfzbuSlx7yooyBJSjcggVD\nncsxNtEQ0ii1gPDgsJ/6mHFw/SXHelCN8uMINJHIyMWdsgLgrCQDB9d3MBK1xtZc\nP9/EDi+oJQ8+3n+F+//AVcXsNUPtfMwSVUN1jv8+XDASs7w1PXM2wBcDPfwsHnjh\nsVIphX5h7uu34v0+j3j31ihYk8Ka/0QRiqbY3NxxspJdaTVu3lB++zdMp73q927p\n+JZ/bgEphejFCu6sEOd2qnVbqkhsjCMxEG9PNEohA3ymzgP3ml7dNL8FiM51uhsk\no00HQHCw9vQpxQEPuy2H3tXUXqAhc+zkXrgwu8PG0zo29l6C0BWU6lsZGrDi9MuS\nvJzPSJ1RyLkM68DRltrNVQzQKWhvbaiYdVFuyg9Ozd3s5PWU+wetLuwhhKVaWV9A\nwHi+tiqa9xUM0euP3o0k9ikkcLfHnwURaIW+bJ7QJGcVDQGWFKN1sbvb4f0m3SJr\nEvW/+DLAXhbjThxcKX73sLesKm6OMG1LmQ7wda9F+MgnOWFSflf26SXVpsDpcqCb\nTSd6w5ksf8q9FrWvhgHc2KHilXjgeQIgVaRw3zy09/G82k5Iv+V15K6TpJbBmwou\nq5NtHwWG2dvul9/WSc50rwfVGNXKVgbkPkRiXKEWhxQ2mijtkHhuUcRQGcECAwEA\nAQKCAgEAoOauYrzvimMt0lLoBAODh4JgxqPFeCxEOhXn1AZSfRelqqwHjkoBPlbi\n3l38Rj+/t5gN8TOYyQgzx/HvpIQJ6oDBp17LF2MEGoT1Icpbg7DPMMW/S+iVkan7\nLYQ1UDucqqurReioN022rlijVEvT3Bdyflm+92bdGZDistSXRyD+4NyoXKOzZ4o4\nYuE3n/6ACNegLvDQzJzWd9j2v/AMf/KYgxNtRrA8s3xLZMe+SUqi33YIKK64AdHw\nzKcn7rFZ3Xx6MB83Nm0J5S7YMOkhqfcq8sf65T9PE35qeaebbl5GbT8wq4rylk9Y\nokYL1R6imb39+EE8cR+rZ7+C472meb4PT3px72KuBggD0ZYkd61nLT10Azv0B2oa\nimJYFHcwJNM+quN2UTkgXsYs24tXDKdzVqs9VJVxXTWJJSUYGfWJewjDMb5A9/na\nrT7D7DzZEoDjxgsf02yR74mMP7RYHZi+NU2rdz3k1soD2Av6ruVBn9mJeoqBB/BO\nLXqRm1luob/bGJRtQ3plDoYOdbB4bmaDPr18x7N7uilPeKhHJSRTfYNK2/otyZ6H\n231tZctdsxPYD5cJdRByhSFfaRn7BoNg0ifxOW3U7CD2pXU5lyFAs4FfIE3GHPV4\nMCAr+Mk4nCTvwS2PhLXB2nluYeQhXt68zxeRcWLTaXaiDvI6qnECggEBAPfKk41j\niwg35JR7398YCM2QCMs6Tg5w4VeJtRuBWD0kQhQB8C4bD2dajQXKz6UfyTJ7VF5h\nKi/vDrlNtgI0TBWQOnt1CLIG0cIXnkVYLYuAc7sHxL5C4dt5MXjb2h0KlcSTBAdF\n3rVT8r5aajveLwE9Jnr03Pc7ICYwkXL0zwdDIzS6TVSOODWLyjRQI2d/ZC9iLdfi\nue7nET59NUeJYJWB9o3GzUpjKPts0APt0rG0vTQe+rxvYiX2aD+dd3facEB1v9fE\nPGdDM8ZjKSysNbCbHJ/a1AKmsNK/Q8KDRZCeLDrCVIoI7+KUOkC5s/GjpypO+EUK\nam3Ff1cXOzJr4+UCggEBAMPIQUSdrQo4T9akVb7kVwpDlcwRVyAeculWYnAaX/ov\ngBIovnmgeVXuohoofxGPcaOlNLUepnwHmZCf2+04M3+Ct4I/k666QYCHntNj0s4z\nm8fLK1vm87exdId3i8ivfMTYz3DxZoUjwsAxbk1brj7mWGo0DwJFNzhRQolMY+pt\nZgtkTXoMC7PNJKnir8KHh2+frgZplRUTg9vE8zcO32Y6pxJawLMaikJ3WfXenxcI\nc2HIlF6BVBSeniCYbuqOAx4zz9NTyiaSmNxnBJotMejhGX3mbqdwuP8pCbcTlXRH\nniuSamdFESB84NuKi0TCCPphhtSBv50HNUk9HXqJOK0CggEBANSeBCHr6h5xJzep\nWx0omFUaZBFNxDBr90+Pn9EsGTTNac2VJCvLmFoMvrjbn3SGY7NnU6twICzlKXMj\nFSurCCXwjd3lPELVyyKJ9Yp28Q2keKlhLxY6eWZDBYo4y1zj+kKkC27aKxDYKY/g\nMQuRyC998wjKFtgk6Z8bSZKkMQiAOTNDMJt/NQftHOHqaZajHqnxynhV2Uj/CDLg\naNkrLa7bx1072mcb0sx6P7s/U+ybs0WH14nc4RDF8Am16g7zZiJJZwWTImlQpppx\n96CXW7JgRh18PTLRKSSMbW34CbbfogABQ1z18jAvFBT5w0dyLzwEas+C8nOiZXOr\nQWYwYWkCggEBAKgKqxK074A1IznNJZfKL3cs2Vcljw2PdPwYXDdyO+zmdlufwxVs\nCpkaUOJ43c/5ugVG2H2ZCDau4z0CKOdsdK8+SDowTZcMYQpr3YP9S0QXgd8z4Exq\nZ8fENYvMrRscnM/sc+iyGleugQsrokwdo+pzFXJaqoM9W48oGB72hVAChDLE7ccS\nrbyvGIgEfO1QHIxPlzQDzaUgce3hFwyr5E2/jAUyBfH0lrVD8eAaK5y+cSJ94fNX\nuA5WssyxaYpDSCPVPs1ZPspqy29psMaQgiUriBDLBzEKjI7d72vHEGGU0wr9Cf0H\niBLFfM6TFMR4cvJNYUfm8ctbE36ASVwSiaUCggEANUXPQbVPMKNld/WG0lu5VJh7\n19WoqXE4cDmBFYpqMG+wzpnnTbZiYyzjJLqpaI3Mr4kDbfpQ1epJt7DxKDkYhsUT\n/hTuRWiua0krecuyleD8/1rtFy+zESKdhyQQYK75KOYJ9UP9KAfKijB5eIlR8Quc\nfqAsK2DU1kh8zdBqoSK0M/Zi4TjyyWJbF23Juc9sCi4DcRJnlR1CEpGE5NlrpKVx\n2WZk0fOLBL/dDGF5gyLlKMAMaWfCOtfiR2JQkuCMJTu/EhJGNBzDT2YkqV7rFBAQ\n8buBkMlQMvpqnScZKpw5adVZCExqKFMr7Lrbnx4eFJvrEF6sqlObEPUInc/zqQ==\n-----END RSA PRIVATE KEY-----\n",
            "content_base64": null,
            "directory_permission": "0777",
            "file_permission": "0777",
            "filename": "id_rsa",
            "id": "c8c565390d40de4178209cefeb9df02ac48e39b2",
            "sensitive_content": null,
            "source": null
          },
          "sensitive_attributes": [
            [
              {
                "type": "get_attr",
                "value": "content"
              }
            ]
          ],
          "dependencies": [
            "tls_private_key.rsa"
          ]
        }
      ]
    },
    {
      "mode": "managed",
      "type": "tls_private_key",
      "name": "rsa",
      "provider": "provider[\"registry.terraform.io/hashicorp/tls\"]",
      "instances": [
        {
          "schema_version": 1,
          "attributes": {
            "algorithm": "RSA",
            "ecdsa_curve": "P224",
            "id": "12e1847ad20879ccb93417594f21b562d5cfa4ff",
            "private_key_openssh": "-----BEGIN OPENSSH PRIVATE KEY-----\nb3BlbnNzaC1rZXktdjEAAAAABG5vbmUAAAAEbm9uZQAAAAAAAAABAAACFwAAAAdz\nc2gtcnNhAAAAAwEAAQAAAgEAvYEj1NMtff2Uv6n/geLptv9TNNcfzbuSlx7yooyB\nJSjcggVDncsxNtEQ0ii1gPDgsJ/6mHFw/SXHelCN8uMINJHIyMWdsgLgrCQDB9d3\nMBK1xtZcP9/EDi+oJQ8+3n+F+//AVcXsNUPtfMwSVUN1jv8+XDASs7w1PXM2wBcD\nPfwsHnjhsVIphX5h7uu34v0+j3j31ihYk8Ka/0QRiqbY3NxxspJdaTVu3lB++zdM\np73q927p+JZ/bgEphejFCu6sEOd2qnVbqkhsjCMxEG9PNEohA3ymzgP3ml7dNL8F\niM51uhsko00HQHCw9vQpxQEPuy2H3tXUXqAhc+zkXrgwu8PG0zo29l6C0BWU6lsZ\nGrDi9MuSvJzPSJ1RyLkM68DRltrNVQzQKWhvbaiYdVFuyg9Ozd3s5PWU+wetLuwh\nhKVaWV9AwHi+tiqa9xUM0euP3o0k9ikkcLfHnwURaIW+bJ7QJGcVDQGWFKN1sbvb\n4f0m3SJrEvW/+DLAXhbjThxcKX73sLesKm6OMG1LmQ7wda9F+MgnOWFSflf26SXV\npsDpcqCbTSd6w5ksf8q9FrWvhgHc2KHilXjgeQIgVaRw3zy09/G82k5Iv+V15K6T\npJbBmwouq5NtHwWG2dvul9/WSc50rwfVGNXKVgbkPkRiXKEWhxQ2mijtkHhuUcRQ\nGcEAAAc4JzJYvycyWL8AAAAHc3NoLXJzYQAAAgEAvYEj1NMtff2Uv6n/geLptv9T\nNNcfzbuSlx7yooyBJSjcggVDncsxNtEQ0ii1gPDgsJ/6mHFw/SXHelCN8uMINJHI\nyMWdsgLgrCQDB9d3MBK1xtZcP9/EDi+oJQ8+3n+F+//AVcXsNUPtfMwSVUN1jv8+\nXDASs7w1PXM2wBcDPfwsHnjhsVIphX5h7uu34v0+j3j31ihYk8Ka/0QRiqbY3Nxx\nspJdaTVu3lB++zdMp73q927p+JZ/bgEphejFCu6sEOd2qnVbqkhsjCMxEG9PNEoh\nA3ymzgP3ml7dNL8FiM51uhsko00HQHCw9vQpxQEPuy2H3tXUXqAhc+zkXrgwu8PG\n0zo29l6C0BWU6lsZGrDi9MuSvJzPSJ1RyLkM68DRltrNVQzQKWhvbaiYdVFuyg9O\nzd3s5PWU+wetLuwhhKVaWV9AwHi+tiqa9xUM0euP3o0k9ikkcLfHnwURaIW+bJ7Q\nJGcVDQGWFKN1sbvb4f0m3SJrEvW/+DLAXhbjThxcKX73sLesKm6OMG1LmQ7wda9F\n+MgnOWFSflf26SXVpsDpcqCbTSd6w5ksf8q9FrWvhgHc2KHilXjgeQIgVaRw3zy0\n9/G82k5Iv+V15K6TpJbBmwouq5NtHwWG2dvul9/WSc50rwfVGNXKVgbkPkRiXKEW\nhxQ2mijtkHhuUcRQGcEAAAADAQABAAACAQCg5q5ivO+KYy3SUugEA4OHgmDGo8V4\nLEQ6FefUBlJ9F6WqrAeOSgE+VuLeXfxGP7+3mA3xM5jJCDPH8e+khAnqgMGnXssX\nYwQahPUhyluDsM8wxb9L6JWRqfsthDVQO5yqq6tF6Kg3TbauWKNUS9PcF3J+Wb73\nZt0ZkOKy1JdHIP7g3Khco7Nnijhi4Tef/oAI16Au8NDMnNZ32Pa/8Ax/8piDE21G\nsDyzfEtkx75JSqLfdggorrgB0fDMpyfusVndfHowHzc2bQnlLtgw6SGp9yryx/rl\nP08Tfmp5p5tuXkZtPzCrivKWT1iiRgvVHqKZvf34QTxxH6tnv4LjvaZ5vg9PenHv\nYq4GCAPRliR3rWctPXQDO/QHahqKYlgUdzAk0z6q43ZROSBexizbi1cMp3NWqz1U\nlXFdNYklJRgZ9Yl7CMMxvkD3+dqtPsPsPNkSgOPGCx/TbJHviYw/tFgdmL41Tat3\nPeTWygPYC/qu5UGf2Yl6ioEH8E4tepGbWW6hv9sYlG1DemUOhg51sHhuZoM+vXzH\ns3u6KU94qEclJFN9g0rb+i3JnofbfW1ly12zE9gPlwl1EHKFIV9pGfsGg2DSJ/E5\nbdTsIPaldTmXIUCzgV8gTcYc9XgwICv4yTicJO/BLY+EtcHaeW5h5CFe3rzPF5Fx\nYtNpdqIO8jqqcQAAAQA1Rc9BtU8wo2V39YbSW7lUmHvX1aipcThwOYEVimowb7DO\nmedNtmJjLOMkuqlojcyviQNt+lDV6km3sPEoORiGxRP+FO5FaK5rSSt5y7KV4Pz/\nWu0XL7MRIp2HJBBgrvko5gn1Q/0oB8qKMHl4iVHxC5x+oCwrYNTWSHzN0GqhIrQz\n9mLhOPLJYlsXbcm5z2wKLgNxEmeVHUISkYTk2WukpXHZZmTR84sEv90MYXmDIuUo\nwAxpZ8I61+JHYlCS4IwlO78SEkY0HMNPZiSpXusUEBDxu4GQyVAy+mqdJxkqnDlp\n1VkITGooUyvsutufHh4Um+sQXqyqU5sQ9Qidz/OpAAABAQD3ypONY4sIN+SUe9/f\nGAjNkAjLOk4OcOFXibUbgVg9JEIUAfAuGw9nWo0Fys+lH8kye1ReYSov7w65TbYC\nNEwVkDp7dQiyBtHCF55FWC2LgHO7B8S+QuHbeTF429odCpXEkwQHRd61U/K+Wmo7\n3i8BPSZ69Nz3OyAmMJFy9M8HQyM0uk1Ujjg1i8o0UCNnf2QvYi3X4rnu5xE+fTVH\niWCVgfaNxs1KYyj7bNAD7dKxtL00Hvq8b2Il9mg/nXd32nBAdb/XxDxnQzPGYyks\nrDWwmxyf2tQCprDSv0PCg0WQniw6wlSKCO/ilDpAubPxo6cqTvhFCmptxX9XFzsy\na+PlAAABAQDDyEFEna0KOE/WpFW+5FcKQ5XMEVcgHnLpVmJwGl/6L4ASKL55oHlV\n7qIaKH8Rj3GjpTS1HqZ8B5mQn9vtODN/greCP5OuukGAh57TY9LOM5vHyytb5vO3\nsXSHd4vIr3zE2M9w8WaFI8LAMW5NW64+5lhqNA8CRTc4UUKJTGPqbWYLZE16DAuz\nzSSp4q/Ch4dvn64GaZUVE4PbxPM3Dt9mOqcSWsCzGopCd1n13p8XCHNhyJRegVQU\nnp4gmG7qjgMeM8/TU8omkpjcZwSaLTHo4Rl95m6ncLj/KQm3E5V0R54rkmpnRREg\nfODbiotEwgj6YYbUgb+dBzVJPR16iTitAAAAAAEC\n-----END OPENSSH PRIVATE KEY-----\n",
            "private_key_pem": "-----BEGIN RSA PRIVATE KEY-----\nMIIJKgIBAAKCAgEAvYEj1NMtff2Uv6n/geLptv9TNNcfzbuSlx7yooyBJSjcggVD\nncsxNtEQ0ii1gPDgsJ/6mHFw/SXHelCN8uMINJHIyMWdsgLgrCQDB9d3MBK1xtZc\nP9/EDi+oJQ8+3n+F+//AVcXsNUPtfMwSVUN1jv8+XDASs7w1PXM2wBcDPfwsHnjh\nsVIphX5h7uu34v0+j3j31ihYk8Ka/0QRiqbY3NxxspJdaTVu3lB++zdMp73q927p\n+JZ/bgEphejFCu6sEOd2qnVbqkhsjCMxEG9PNEohA3ymzgP3ml7dNL8FiM51uhsk\no00HQHCw9vQpxQEPuy2H3tXUXqAhc+zkXrgwu8PG0zo29l6C0BWU6lsZGrDi9MuS\nvJzPSJ1RyLkM68DRltrNVQzQKWhvbaiYdVFuyg9Ozd3s5PWU+wetLuwhhKVaWV9A\nwHi+tiqa9xUM0euP3o0k9ikkcLfHnwURaIW+bJ7QJGcVDQGWFKN1sbvb4f0m3SJr\nEvW/+DLAXhbjThxcKX73sLesKm6OMG1LmQ7wda9F+MgnOWFSflf26SXVpsDpcqCb\nTSd6w5ksf8q9FrWvhgHc2KHilXjgeQIgVaRw3zy09/G82k5Iv+V15K6TpJbBmwou\nq5NtHwWG2dvul9/WSc50rwfVGNXKVgbkPkRiXKEWhxQ2mijtkHhuUcRQGcECAwEA\nAQKCAgEAoOauYrzvimMt0lLoBAODh4JgxqPFeCxEOhXn1AZSfRelqqwHjkoBPlbi\n3l38Rj+/t5gN8TOYyQgzx/HvpIQJ6oDBp17LF2MEGoT1Icpbg7DPMMW/S+iVkan7\nLYQ1UDucqqurReioN022rlijVEvT3Bdyflm+92bdGZDistSXRyD+4NyoXKOzZ4o4\nYuE3n/6ACNegLvDQzJzWd9j2v/AMf/KYgxNtRrA8s3xLZMe+SUqi33YIKK64AdHw\nzKcn7rFZ3Xx6MB83Nm0J5S7YMOkhqfcq8sf65T9PE35qeaebbl5GbT8wq4rylk9Y\nokYL1R6imb39+EE8cR+rZ7+C472meb4PT3px72KuBggD0ZYkd61nLT10Azv0B2oa\nimJYFHcwJNM+quN2UTkgXsYs24tXDKdzVqs9VJVxXTWJJSUYGfWJewjDMb5A9/na\nrT7D7DzZEoDjxgsf02yR74mMP7RYHZi+NU2rdz3k1soD2Av6ruVBn9mJeoqBB/BO\nLXqRm1luob/bGJRtQ3plDoYOdbB4bmaDPr18x7N7uilPeKhHJSRTfYNK2/otyZ6H\n231tZctdsxPYD5cJdRByhSFfaRn7BoNg0ifxOW3U7CD2pXU5lyFAs4FfIE3GHPV4\nMCAr+Mk4nCTvwS2PhLXB2nluYeQhXt68zxeRcWLTaXaiDvI6qnECggEBAPfKk41j\niwg35JR7398YCM2QCMs6Tg5w4VeJtRuBWD0kQhQB8C4bD2dajQXKz6UfyTJ7VF5h\nKi/vDrlNtgI0TBWQOnt1CLIG0cIXnkVYLYuAc7sHxL5C4dt5MXjb2h0KlcSTBAdF\n3rVT8r5aajveLwE9Jnr03Pc7ICYwkXL0zwdDIzS6TVSOODWLyjRQI2d/ZC9iLdfi\nue7nET59NUeJYJWB9o3GzUpjKPts0APt0rG0vTQe+rxvYiX2aD+dd3facEB1v9fE\nPGdDM8ZjKSysNbCbHJ/a1AKmsNK/Q8KDRZCeLDrCVIoI7+KUOkC5s/GjpypO+EUK\nam3Ff1cXOzJr4+UCggEBAMPIQUSdrQo4T9akVb7kVwpDlcwRVyAeculWYnAaX/ov\ngBIovnmgeVXuohoofxGPcaOlNLUepnwHmZCf2+04M3+Ct4I/k666QYCHntNj0s4z\nm8fLK1vm87exdId3i8ivfMTYz3DxZoUjwsAxbk1brj7mWGo0DwJFNzhRQolMY+pt\nZgtkTXoMC7PNJKnir8KHh2+frgZplRUTg9vE8zcO32Y6pxJawLMaikJ3WfXenxcI\nc2HIlF6BVBSeniCYbuqOAx4zz9NTyiaSmNxnBJotMejhGX3mbqdwuP8pCbcTlXRH\nniuSamdFESB84NuKi0TCCPphhtSBv50HNUk9HXqJOK0CggEBANSeBCHr6h5xJzep\nWx0omFUaZBFNxDBr90+Pn9EsGTTNac2VJCvLmFoMvrjbn3SGY7NnU6twICzlKXMj\nFSurCCXwjd3lPELVyyKJ9Yp28Q2keKlhLxY6eWZDBYo4y1zj+kKkC27aKxDYKY/g\nMQuRyC998wjKFtgk6Z8bSZKkMQiAOTNDMJt/NQftHOHqaZajHqnxynhV2Uj/CDLg\naNkrLa7bx1072mcb0sx6P7s/U+ybs0WH14nc4RDF8Am16g7zZiJJZwWTImlQpppx\n96CXW7JgRh18PTLRKSSMbW34CbbfogABQ1z18jAvFBT5w0dyLzwEas+C8nOiZXOr\nQWYwYWkCggEBAKgKqxK074A1IznNJZfKL3cs2Vcljw2PdPwYXDdyO+zmdlufwxVs\nCpkaUOJ43c/5ugVG2H2ZCDau4z0CKOdsdK8+SDowTZcMYQpr3YP9S0QXgd8z4Exq\nZ8fENYvMrRscnM/sc+iyGleugQsrokwdo+pzFXJaqoM9W48oGB72hVAChDLE7ccS\nrbyvGIgEfO1QHIxPlzQDzaUgce3hFwyr5E2/jAUyBfH0lrVD8eAaK5y+cSJ94fNX\nuA5WssyxaYpDSCPVPs1ZPspqy29psMaQgiUriBDLBzEKjI7d72vHEGGU0wr9Cf0H\niBLFfM6TFMR4cvJNYUfm8ctbE36ASVwSiaUCggEANUXPQbVPMKNld/WG0lu5VJh7\n19WoqXE4cDmBFYpqMG+wzpnnTbZiYyzjJLqpaI3Mr4kDbfpQ1epJt7DxKDkYhsUT\n/hTuRWiua0krecuyleD8/1rtFy+zESKdhyQQYK75KOYJ9UP9KAfKijB5eIlR8Quc\nfqAsK2DU1kh8zdBqoSK0M/Zi4TjyyWJbF23Juc9sCi4DcRJnlR1CEpGE5NlrpKVx\n2WZk0fOLBL/dDGF5gyLlKMAMaWfCOtfiR2JQkuCMJTu/EhJGNBzDT2YkqV7rFBAQ\n8buBkMlQMvpqnScZKpw5adVZCExqKFMr7Lrbnx4eFJvrEF6sqlObEPUInc/zqQ==\n-----END RSA PRIVATE KEY-----\n",
            "private_key_pem_pkcs8": "-----BEGIN PRIVATE KEY-----\nMIIJRAIBADANBgkqhkiG9w0BAQEFAASCCS4wggkqAgEAAoICAQC9gSPU0y19/ZS/\nqf+B4um2/1M01x/Nu5KXHvKijIElKNyCBUOdyzE20RDSKLWA8OCwn/qYcXD9Jcd6\nUI3y4wg0kcjIxZ2yAuCsJAMH13cwErXG1lw/38QOL6glDz7ef4X7/8BVxew1Q+18\nzBJVQ3WO/z5cMBKzvDU9czbAFwM9/CweeOGxUimFfmHu67fi/T6PePfWKFiTwpr/\nRBGKptjc3HGykl1pNW7eUH77N0ynver3bun4ln9uASmF6MUK7qwQ53aqdVuqSGyM\nIzEQb080SiEDfKbOA/eaXt00vwWIznW6GySjTQdAcLD29CnFAQ+7LYfe1dReoCFz\n7OReuDC7w8bTOjb2XoLQFZTqWxkasOL0y5K8nM9InVHIuQzrwNGW2s1VDNApaG9t\nqJh1UW7KD07N3ezk9ZT7B60u7CGEpVpZX0DAeL62Kpr3FQzR64/ejST2KSRwt8ef\nBRFohb5sntAkZxUNAZYUo3Wxu9vh/SbdImsS9b/4MsBeFuNOHFwpfvewt6wqbo4w\nbUuZDvB1r0X4yCc5YVJ+V/bpJdWmwOlyoJtNJ3rDmSx/yr0Wta+GAdzYoeKVeOB5\nAiBVpHDfPLT38bzaTki/5XXkrpOklsGbCi6rk20fBYbZ2+6X39ZJznSvB9UY1cpW\nBuQ+RGJcoRaHFDaaKO2QeG5RxFAZwQIDAQABAoICAQCg5q5ivO+KYy3SUugEA4OH\ngmDGo8V4LEQ6FefUBlJ9F6WqrAeOSgE+VuLeXfxGP7+3mA3xM5jJCDPH8e+khAnq\ngMGnXssXYwQahPUhyluDsM8wxb9L6JWRqfsthDVQO5yqq6tF6Kg3TbauWKNUS9Pc\nF3J+Wb73Zt0ZkOKy1JdHIP7g3Khco7Nnijhi4Tef/oAI16Au8NDMnNZ32Pa/8Ax/\n8piDE21GsDyzfEtkx75JSqLfdggorrgB0fDMpyfusVndfHowHzc2bQnlLtgw6SGp\n9yryx/rlP08Tfmp5p5tuXkZtPzCrivKWT1iiRgvVHqKZvf34QTxxH6tnv4LjvaZ5\nvg9PenHvYq4GCAPRliR3rWctPXQDO/QHahqKYlgUdzAk0z6q43ZROSBexizbi1cM\np3NWqz1UlXFdNYklJRgZ9Yl7CMMxvkD3+dqtPsPsPNkSgOPGCx/TbJHviYw/tFgd\nmL41Tat3PeTWygPYC/qu5UGf2Yl6ioEH8E4tepGbWW6hv9sYlG1DemUOhg51sHhu\nZoM+vXzHs3u6KU94qEclJFN9g0rb+i3JnofbfW1ly12zE9gPlwl1EHKFIV9pGfsG\ng2DSJ/E5bdTsIPaldTmXIUCzgV8gTcYc9XgwICv4yTicJO/BLY+EtcHaeW5h5CFe\n3rzPF5FxYtNpdqIO8jqqcQKCAQEA98qTjWOLCDfklHvf3xgIzZAIyzpODnDhV4m1\nG4FYPSRCFAHwLhsPZ1qNBcrPpR/JMntUXmEqL+8OuU22AjRMFZA6e3UIsgbRwhee\nRVgti4BzuwfEvkLh23kxeNvaHQqVxJMEB0XetVPyvlpqO94vAT0mevTc9zsgJjCR\ncvTPB0MjNLpNVI44NYvKNFAjZ39kL2It1+K57ucRPn01R4lglYH2jcbNSmMo+2zQ\nA+3SsbS9NB76vG9iJfZoP513d9pwQHW/18Q8Z0MzxmMpLKw1sJscn9rUAqaw0r9D\nwoNFkJ4sOsJUigjv4pQ6QLmz8aOnKk74RQpqbcV/Vxc7Mmvj5QKCAQEAw8hBRJ2t\nCjhP1qRVvuRXCkOVzBFXIB5y6VZicBpf+i+AEii+eaB5Ve6iGih/EY9xo6U0tR6m\nfAeZkJ/b7Tgzf4K3gj+TrrpBgIee02PSzjObx8srW+bzt7F0h3eLyK98xNjPcPFm\nhSPCwDFuTVuuPuZYajQPAkU3OFFCiUxj6m1mC2RNegwLs80kqeKvwoeHb5+uBmmV\nFROD28TzNw7fZjqnElrAsxqKQndZ9d6fFwhzYciUXoFUFJ6eIJhu6o4DHjPP01PK\nJpKY3GcEmi0x6OEZfeZup3C4/ykJtxOVdEeeK5JqZ0URIHzg24qLRMII+mGG1IG/\nnQc1ST0deok4rQKCAQEA1J4EIevqHnEnN6lbHSiYVRpkEU3EMGv3T4+f0SwZNM1p\nzZUkK8uYWgy+uNufdIZjs2dTq3AgLOUpcyMVK6sIJfCN3eU8QtXLIon1inbxDaR4\nqWEvFjp5ZkMFijjLXOP6QqQLbtorENgpj+AxC5HIL33zCMoW2CTpnxtJkqQxCIA5\nM0Mwm381B+0c4epplqMeqfHKeFXZSP8IMuBo2SstrtvHXTvaZxvSzHo/uz9T7Juz\nRYfXidzhEMXwCbXqDvNmIklnBZMiaVCmmnH3oJdbsmBGHXw9MtEpJIxtbfgJtt+i\nAAFDXPXyMC8UFPnDR3IvPARqz4Lyc6Jlc6tBZjBhaQKCAQEAqAqrErTvgDUjOc0l\nl8ovdyzZVyWPDY90/BhcN3I77OZ2W5/DFWwKmRpQ4njdz/m6BUbYfZkINq7jPQIo\n52x0rz5IOjBNlwxhCmvdg/1LRBeB3zPgTGpnx8Q1i8ytGxycz+xz6LIaV66BCyui\nTB2j6nMVclqqgz1bjygYHvaFUAKEMsTtxxKtvK8YiAR87VAcjE+XNAPNpSBx7eEX\nDKvkTb+MBTIF8fSWtUPx4BornL5xIn3h81e4DlayzLFpikNII9U+zVk+ymrLb2mw\nxpCCJSuIEMsHMQqMjt3va8cQYZTTCv0J/QeIEsV8zpMUxHhy8k1hR+bxy1sTfoBJ\nXBKJpQKCAQA1Rc9BtU8wo2V39YbSW7lUmHvX1aipcThwOYEVimowb7DOmedNtmJj\nLOMkuqlojcyviQNt+lDV6km3sPEoORiGxRP+FO5FaK5rSSt5y7KV4Pz/Wu0XL7MR\nIp2HJBBgrvko5gn1Q/0oB8qKMHl4iVHxC5x+oCwrYNTWSHzN0GqhIrQz9mLhOPLJ\nYlsXbcm5z2wKLgNxEmeVHUISkYTk2WukpXHZZmTR84sEv90MYXmDIuUowAxpZ8I6\n1+JHYlCS4IwlO78SEkY0HMNPZiSpXusUEBDxu4GQyVAy+mqdJxkqnDlp1VkITGoo\nUyvsutufHh4Um+sQXqyqU5sQ9Qidz/Op\n-----END PRIVATE KEY-----\n",
            "public_key_fingerprint_md5": "70:e8:91:fc:b0:4b:ef:98:7a:c1:5e:2a:9c:47:d9:4b",
            "public_key_fingerprint_sha256": "SHA256:30JpGrchZdTcyPpFAL2RlyFihL3JFNshqvAHbnQluQA",
            "public_key_openssh": "ssh-rsa AAAAB3NzaC1yc2EAAAADAQABAAACAQC9gSPU0y19/ZS/qf+B4um2/1M01x/Nu5KXHvKijIElKNyCBUOdyzE20RDSKLWA8OCwn/qYcXD9Jcd6UI3y4wg0kcjIxZ2yAuCsJAMH13cwErXG1lw/38QOL6glDz7ef4X7/8BVxew1Q+18zBJVQ3WO/z5cMBKzvDU9czbAFwM9/CweeOGxUimFfmHu67fi/T6PePfWKFiTwpr/RBGKptjc3HGykl1pNW7eUH77N0ynver3bun4ln9uASmF6MUK7qwQ53aqdVuqSGyMIzEQb080SiEDfKbOA/eaXt00vwWIznW6GySjTQdAcLD29CnFAQ+7LYfe1dReoCFz7OReuDC7w8bTOjb2XoLQFZTqWxkasOL0y5K8nM9InVHIuQzrwNGW2s1VDNApaG9tqJh1UW7KD07N3ezk9ZT7B60u7CGEpVpZX0DAeL62Kpr3FQzR64/ejST2KSRwt8efBRFohb5sntAkZxUNAZYUo3Wxu9vh/SbdImsS9b/4MsBeFuNOHFwpfvewt6wqbo4wbUuZDvB1r0X4yCc5YVJ+V/bpJdWmwOlyoJtNJ3rDmSx/yr0Wta+GAdzYoeKVeOB5AiBVpHDfPLT38bzaTki/5XXkrpOklsGbCi6rk20fBYbZ2+6X39ZJznSvB9UY1cpWBuQ+RGJcoRaHFDaaKO2QeG5RxFAZwQ==\n",
            "public_key_pem": "-----BEGIN PUBLIC KEY-----\nMIICIjANBgkqhkiG9w0BAQEFAAOCAg8AMIICCgKCAgEAvYEj1NMtff2Uv6n/geLp\ntv9TNNcfzbuSlx7yooyBJSjcggVDncsxNtEQ0ii1gPDgsJ/6mHFw/SXHelCN8uMI\nNJHIyMWdsgLgrCQDB9d3MBK1xtZcP9/EDi+oJQ8+3n+F+//AVcXsNUPtfMwSVUN1\njv8+XDASs7w1PXM2wBcDPfwsHnjhsVIphX5h7uu34v0+j3j31ihYk8Ka/0QRiqbY\n3NxxspJdaTVu3lB++zdMp73q927p+JZ/bgEphejFCu6sEOd2qnVbqkhsjCMxEG9P\nNEohA3ymzgP3ml7dNL8FiM51uhsko00HQHCw9vQpxQEPuy2H3tXUXqAhc+zkXrgw\nu8PG0zo29l6C0BWU6lsZGrDi9MuSvJzPSJ1RyLkM68DRltrNVQzQKWhvbaiYdVFu\nyg9Ozd3s5PWU+wetLuwhhKVaWV9AwHi+tiqa9xUM0euP3o0k9ikkcLfHnwURaIW+\nbJ7QJGcVDQGWFKN1sbvb4f0m3SJrEvW/+DLAXhbjThxcKX73sLesKm6OMG1LmQ7w\nda9F+MgnOWFSflf26SXVpsDpcqCbTSd6w5ksf8q9FrWvhgHc2KHilXjgeQIgVaRw\n3zy09/G82k5Iv+V15K6TpJbBmwouq5NtHwWG2dvul9/WSc50rwfVGNXKVgbkPkRi\nXKEWhxQ2mijtkHhuUcRQGcECAwEAAQ==\n-----END PUBLIC KEY-----\n",
            "rsa_bits": 4096
          },
          "sensitive_attributes": []
        }
      ]
    },
    {
      "module": "module.back[0]",
      "mode": "managed",
      "type": "aws_iam_instance_profile",
      "name": "ec2_instance_profile",
      "provider": "provider[\"registry.terraform.io/hashicorp/aws\"]",
      "instances": [
        {
          "schema_version": 0,
          "attributes": {
            "arn": "arn:aws:iam::331188050055:instance-profile/back0",
            "create_date": "2023-02-03T15:45:46Z",
            "id": "back0",
            "name": "back0",
            "name_prefix": null,
            "path": "/",
            "role": "back0-role",
            "tags": null,
            "tags_all": {},
            "unique_id": "AIPAU2HCYTCDTRLERUGYO"
          },
          "sensitive_attributes": [],
          "private": "bnVsbA==",
          "dependencies": [
            "module.back.aws_iam_role.ec2_instance_role"
          ]
        }
      ]
    },
    {
      "module": "module.back[0]",
      "mode": "managed",
      "type": "aws_iam_role",
      "name": "ec2_instance_role",
      "provider": "provider[\"registry.terraform.io/hashicorp/aws\"]",
      "instances": [
        {
          "schema_version": 0,
          "attributes": {
            "arn": "arn:aws:iam::331188050055:role/back0-role",
            "assume_role_policy": "{\"Statement\":[{\"Action\":\"sts:AssumeRole\",\"Effect\":\"Allow\",\"Principal\":{\"Service\":\"ec2.amazonaws.com\"}}],\"Version\":\"2012-10-17\"}",
            "create_date": "2023-02-03T15:45:44Z",
            "description": "",
            "force_detach_policies": false,
            "id": "back0-role",
            "inline_policy": [],
            "managed_policy_arns": [
              "arn:aws:iam::aws:policy/AmazonS3FullAccess"
            ],
            "max_session_duration": 3600,
            "name": "back0-role",
            "name_prefix": "",
            "path": "/",
            "permissions_boundary": null,
            "tags": null,
            "tags_all": {},
            "unique_id": "AROAU2HCYTCDV2T2ZSV2A"
          },
          "sensitive_attributes": [],
          "private": "bnVsbA=="
        }
      ]
    },
    {
      "module": "module.back[0]",
      "mode": "managed",
      "type": "aws_instance",
      "name": "server",
      "provider": "provider[\"registry.terraform.io/hashicorp/aws\"]",
      "instances": [
        {
          "schema_version": 1,
          "attributes": {
            "ami": "ami-0333305f9719618c7",
            "arn": "arn:aws:ec2:eu-west-1:331188050055:instance/i-0519f4ea6c509cf93",
            "associate_public_ip_address": true,
            "availability_zone": "eu-west-1a",
            "capacity_reservation_specification": [
              {
                "capacity_reservation_preference": "open",
                "capacity_reservation_target": []
              }
            ],
            "cpu_core_count": 1,
            "cpu_threads_per_core": 1,
            "credit_specification": [
              {
                "cpu_credits": "standard"
              }
            ],
            "disable_api_stop": false,
            "disable_api_termination": false,
            "ebs_block_device": [],
            "ebs_optimized": false,
            "enclave_options": [
              {
                "enabled": false
              }
            ],
            "ephemeral_block_device": [],
            "get_password_data": false,
            "hibernation": false,
            "host_id": "",
            "host_resource_group_arn": null,
            "iam_instance_profile": "back0",
            "id": "i-0519f4ea6c509cf93",
            "instance_initiated_shutdown_behavior": "stop",
            "instance_state": "running",
            "instance_type": "t2.micro",
            "ipv6_address_count": 0,
            "ipv6_addresses": [],
            "key_name": "tf-key-pair",
            "launch_template": [],
            "maintenance_options": [
              {
                "auto_recovery": "default"
              }
            ],
            "metadata_options": [
              {
                "http_endpoint": "enabled",
                "http_put_response_hop_limit": 1,
                "http_tokens": "optional",
                "instance_metadata_tags": "disabled"
              }
            ],
            "monitoring": false,
            "network_interface": [],
            "outpost_arn": "",
            "password_data": "",
            "placement_group": "",
            "placement_partition_number": 0,
            "primary_network_interface_id": "eni-0f8d7b06cb5e8d7e7",
            "private_dns": "ip-10-0-2-5.eu-west-1.compute.internal",
            "private_dns_name_options": [
              {
                "enable_resource_name_dns_a_record": false,
                "enable_resource_name_dns_aaaa_record": false,
                "hostname_type": "ip-name"
              }
            ],
            "private_ip": "10.0.2.5",
            "public_dns": "ec2-63-33-70-238.eu-west-1.compute.amazonaws.com",
            "public_ip": "63.33.70.238",
            "root_block_device": [
              {
                "delete_on_termination": false,
                "device_name": "/dev/sda1",
                "encrypted": true,
                "iops": 3000,
                "kms_key_id": "arn:aws:kms:eu-west-1:331188050055:key/328dcf99-7660-4b2f-a858-8cc61219805c",
                "tags": null,
                "throughput": 125,
                "volume_id": "vol-049368b8edfb634a5",
                "volume_size": 50,
                "volume_type": "gp3"
              }
            ],
            "secondary_private_ips": [],
            "security_groups": [],
            "source_dest_check": true,
            "subnet_id": "subnet-0a43cd18542ca48af",
            "tags": {
              "Name": "back0"
            },
            "tags_all": {
              "Name": "back0"
            },
            "tenancy": "default",
            "timeouts": null,
            "user_data": null,
            "user_data_base64": null,
            "user_data_replace_on_change": false,
            "volume_tags": null,
            "vpc_security_group_ids": [
              "sg-0a2a6ed50aad98885"
            ]
          },
          "sensitive_attributes": [],
          "private": "eyJlMmJmYjczMC1lY2FhLTExZTYtOGY4OC0zNDM2M2JjN2M0YzAiOnsiY3JlYXRlIjo2MDAwMDAwMDAwMDAsImRlbGV0ZSI6MTIwMDAwMDAwMDAwMCwidXBkYXRlIjo2MDAwMDAwMDAwMDB9LCJzY2hlbWFfdmVyc2lvbiI6IjEifQ==",
          "dependencies": [
            "aws_key_pair.tf-key-pair",
            "aws_security_group.front",
            "module.back.aws_iam_instance_profile.ec2_instance_profile",
            "module.back.aws_iam_role.ec2_instance_role",
            "module.subnet.aws_subnet.subnet",
            "module.subnet.data.aws_availability_zones.AZ",
            "module.vpc.aws_vpc.vpc",
            "tls_private_key.rsa"
          ]
        }
      ]
    },
    {
      "module": "module.back[1]",
      "mode": "managed",
      "type": "aws_iam_instance_profile",
      "name": "ec2_instance_profile",
      "provider": "provider[\"registry.terraform.io/hashicorp/aws\"]",
      "instances": [
        {
          "schema_version": 0,
          "attributes": {
            "arn": "arn:aws:iam::331188050055:instance-profile/back1",
            "create_date": "2023-02-03T15:45:46Z",
            "id": "back1",
            "name": "back1",
            "name_prefix": null,
            "path": "/",
            "role": "back1-role",
            "tags": null,
            "tags_all": {},
            "unique_id": "AIPAU2HCYTCDXVMQ7RRC7"
          },
          "sensitive_attributes": [],
          "private": "bnVsbA==",
          "dependencies": [
            "module.back.aws_iam_role.ec2_instance_role"
          ]
        }
      ]
    },
    {
      "module": "module.back[1]",
      "mode": "managed",
      "type": "aws_iam_role",
      "name": "ec2_instance_role",
      "provider": "provider[\"registry.terraform.io/hashicorp/aws\"]",
      "instances": [
        {
          "schema_version": 0,
          "attributes": {
            "arn": "arn:aws:iam::331188050055:role/back1-role",
            "assume_role_policy": "{\"Statement\":[{\"Action\":\"sts:AssumeRole\",\"Effect\":\"Allow\",\"Principal\":{\"Service\":\"ec2.amazonaws.com\"}}],\"Version\":\"2012-10-17\"}",
            "create_date": "2023-02-03T15:45:44Z",
            "description": "",
            "force_detach_policies": false,
            "id": "back1-role",
            "inline_policy": [],
            "managed_policy_arns": [
              "arn:aws:iam::aws:policy/AmazonS3FullAccess"
            ],
            "max_session_duration": 3600,
            "name": "back1-role",
            "name_prefix": "",
            "path": "/",
            "permissions_boundary": null,
            "tags": null,
            "tags_all": {},
            "unique_id": "AROAU2HCYTCDVKA5NW3NN"
          },
          "sensitive_attributes": [],
          "private": "bnVsbA=="
        }
      ]
    },
    {
      "module": "module.back[1]",
      "mode": "managed",
      "type": "aws_instance",
      "name": "server",
      "provider": "provider[\"registry.terraform.io/hashicorp/aws\"]",
      "instances": [
        {
          "schema_version": 1,
          "attributes": {
            "ami": "ami-0333305f9719618c7",
            "arn": "arn:aws:ec2:eu-west-1:331188050055:instance/i-079d8522a1867fcc7",
            "associate_public_ip_address": true,
            "availability_zone": "eu-west-1a",
            "capacity_reservation_specification": [
              {
                "capacity_reservation_preference": "open",
                "capacity_reservation_target": []
              }
            ],
            "cpu_core_count": 1,
            "cpu_threads_per_core": 1,
            "credit_specification": [
              {
                "cpu_credits": "standard"
              }
            ],
            "disable_api_stop": false,
            "disable_api_termination": false,
            "ebs_block_device": [],
            "ebs_optimized": false,
            "enclave_options": [
              {
                "enabled": false
              }
            ],
            "ephemeral_block_device": [],
            "get_password_data": false,
            "hibernation": false,
            "host_id": "",
            "host_resource_group_arn": null,
            "iam_instance_profile": "back1",
            "id": "i-079d8522a1867fcc7",
            "instance_initiated_shutdown_behavior": "stop",
            "instance_state": "running",
            "instance_type": "t2.micro",
            "ipv6_address_count": 0,
            "ipv6_addresses": [],
            "key_name": "tf-key-pair",
            "launch_template": [],
            "maintenance_options": [
              {
                "auto_recovery": "default"
              }
            ],
            "metadata_options": [
              {
                "http_endpoint": "enabled",
                "http_put_response_hop_limit": 1,
                "http_tokens": "optional",
                "instance_metadata_tags": "disabled"
              }
            ],
            "monitoring": false,
            "network_interface": [],
            "outpost_arn": "",
            "password_data": "",
            "placement_group": "",
            "placement_partition_number": 0,
            "primary_network_interface_id": "eni-0dc995e093a089539",
            "private_dns": "ip-10-0-2-12.eu-west-1.compute.internal",
            "private_dns_name_options": [
              {
                "enable_resource_name_dns_a_record": false,
                "enable_resource_name_dns_aaaa_record": false,
                "hostname_type": "ip-name"
              }
            ],
            "private_ip": "10.0.2.12",
            "public_dns": "ec2-3-251-238-188.eu-west-1.compute.amazonaws.com",
            "public_ip": "3.251.238.188",
            "root_block_device": [
              {
                "delete_on_termination": false,
                "device_name": "/dev/sda1",
                "encrypted": true,
                "iops": 3000,
                "kms_key_id": "arn:aws:kms:eu-west-1:331188050055:key/328dcf99-7660-4b2f-a858-8cc61219805c",
                "tags": null,
                "throughput": 125,
                "volume_id": "vol-05d075bd986bcd6e8",
                "volume_size": 50,
                "volume_type": "gp3"
              }
            ],
            "secondary_private_ips": [],
            "security_groups": [],
            "source_dest_check": true,
            "subnet_id": "subnet-0a43cd18542ca48af",
            "tags": {
              "Name": "back1"
            },
            "tags_all": {
              "Name": "back1"
            },
            "tenancy": "default",
            "timeouts": null,
            "user_data": null,
            "user_data_base64": null,
            "user_data_replace_on_change": false,
            "volume_tags": null,
            "vpc_security_group_ids": [
              "sg-0a2a6ed50aad98885"
            ]
          },
          "sensitive_attributes": [],
          "private": "eyJlMmJmYjczMC1lY2FhLTExZTYtOGY4OC0zNDM2M2JjN2M0YzAiOnsiY3JlYXRlIjo2MDAwMDAwMDAwMDAsImRlbGV0ZSI6MTIwMDAwMDAwMDAwMCwidXBkYXRlIjo2MDAwMDAwMDAwMDB9LCJzY2hlbWFfdmVyc2lvbiI6IjEifQ==",
          "dependencies": [
            "aws_key_pair.tf-key-pair",
            "aws_security_group.front",
            "module.back.aws_iam_instance_profile.ec2_instance_profile",
            "module.back.aws_iam_role.ec2_instance_role",
            "module.subnet.aws_subnet.subnet",
            "module.subnet.data.aws_availability_zones.AZ",
            "module.vpc.aws_vpc.vpc",
            "tls_private_key.rsa"
          ]
        }
      ]
    },
    {
      "module": "module.front[0]",
      "mode": "managed",
      "type": "aws_iam_instance_profile",
      "name": "ec2_instance_profile",
      "provider": "provider[\"registry.terraform.io/hashicorp/aws\"]",
      "instances": [
        {
          "schema_version": 0,
          "attributes": {
            "arn": "arn:aws:iam::331188050055:instance-profile/front0",
            "create_date": "2023-02-03T15:45:46Z",
            "id": "front0",
            "name": "front0",
            "name_prefix": null,
            "path": "/",
            "role": "front0-role",
            "tags": null,
            "tags_all": {},
            "unique_id": "AIPAU2HCYTCD5VUDYZRFE"
          },
          "sensitive_attributes": [],
          "private": "bnVsbA==",
          "dependencies": [
            "module.front.aws_iam_role.ec2_instance_role"
          ]
        }
      ]
    },
    {
      "module": "module.front[0]",
      "mode": "managed",
      "type": "aws_iam_role",
      "name": "ec2_instance_role",
      "provider": "provider[\"registry.terraform.io/hashicorp/aws\"]",
      "instances": [
        {
          "schema_version": 0,
          "attributes": {
            "arn": "arn:aws:iam::331188050055:role/front0-role",
            "assume_role_policy": "{\"Statement\":[{\"Action\":\"sts:AssumeRole\",\"Effect\":\"Allow\",\"Principal\":{\"Service\":\"ec2.amazonaws.com\"}}],\"Version\":\"2012-10-17\"}",
            "create_date": "2023-02-03T15:45:44Z",
            "description": "",
            "force_detach_policies": false,
            "id": "front0-role",
            "inline_policy": [],
            "managed_policy_arns": [
              "arn:aws:iam::aws:policy/AmazonS3FullAccess"
            ],
            "max_session_duration": 3600,
            "name": "front0-role",
            "name_prefix": "",
            "path": "/",
            "permissions_boundary": null,
            "tags": null,
            "tags_all": {},
            "unique_id": "AROAU2HCYTCDW772I42K6"
          },
          "sensitive_attributes": [],
          "private": "bnVsbA=="
        }
      ]
    },
    {
      "module": "module.front[0]",
      "mode": "managed",
      "type": "aws_instance",
      "name": "server",
      "provider": "provider[\"registry.terraform.io/hashicorp/aws\"]",
      "instances": [
        {
          "schema_version": 1,
          "attributes": {
            "ami": "ami-0333305f9719618c7",
            "arn": "arn:aws:ec2:eu-west-1:331188050055:instance/i-05b5bec2da9585556",
            "associate_public_ip_address": true,
            "availability_zone": "eu-west-1a",
            "capacity_reservation_specification": [
              {
                "capacity_reservation_preference": "open",
                "capacity_reservation_target": []
              }
            ],
            "cpu_core_count": 1,
            "cpu_threads_per_core": 1,
            "credit_specification": [
              {
                "cpu_credits": "standard"
              }
            ],
            "disable_api_stop": false,
            "disable_api_termination": false,
            "ebs_block_device": [],
            "ebs_optimized": false,
            "enclave_options": [
              {
                "enabled": false
              }
            ],
            "ephemeral_block_device": [],
            "get_password_data": false,
            "hibernation": false,
            "host_id": "",
            "host_resource_group_arn": null,
            "iam_instance_profile": "front0",
            "id": "i-05b5bec2da9585556",
            "instance_initiated_shutdown_behavior": "stop",
            "instance_state": "running",
            "instance_type": "t2.micro",
            "ipv6_address_count": 0,
            "ipv6_addresses": [],
            "key_name": "tf-key-pair",
            "launch_template": [],
            "maintenance_options": [
              {
                "auto_recovery": "default"
              }
            ],
            "metadata_options": [
              {
                "http_endpoint": "enabled",
                "http_put_response_hop_limit": 1,
                "http_tokens": "optional",
                "instance_metadata_tags": "disabled"
              }
            ],
            "monitoring": false,
            "network_interface": [],
            "outpost_arn": "",
            "password_data": "",
            "placement_group": "",
            "placement_partition_number": 0,
            "primary_network_interface_id": "eni-0e3473119b9fb9628",
            "private_dns": "ip-10-0-0-11.eu-west-1.compute.internal",
            "private_dns_name_options": [
              {
                "enable_resource_name_dns_a_record": false,
                "enable_resource_name_dns_aaaa_record": false,
                "hostname_type": "ip-name"
              }
            ],
            "private_ip": "10.0.0.11",
            "public_dns": "ec2-3-253-117-21.eu-west-1.compute.amazonaws.com",
            "public_ip": "3.253.117.21",
            "root_block_device": [
              {
                "delete_on_termination": false,
                "device_name": "/dev/sda1",
                "encrypted": true,
                "iops": 3000,
                "kms_key_id": "arn:aws:kms:eu-west-1:331188050055:key/328dcf99-7660-4b2f-a858-8cc61219805c",
                "tags": null,
                "throughput": 125,
                "volume_id": "vol-06531b6b118422ade",
                "volume_size": 50,
                "volume_type": "gp3"
              }
            ],
            "secondary_private_ips": [],
            "security_groups": [],
            "source_dest_check": true,
            "subnet_id": "subnet-0c5a196a1c2fee196",
            "tags": {
              "Name": "front0"
            },
            "tags_all": {
              "Name": "front0"
            },
            "tenancy": "default",
            "timeouts": null,
            "user_data": null,
            "user_data_base64": null,
            "user_data_replace_on_change": false,
            "volume_tags": null,
            "vpc_security_group_ids": [
              "sg-03a8162decafdffb5"
            ]
          },
          "sensitive_attributes": [],
          "private": "eyJlMmJmYjczMC1lY2FhLTExZTYtOGY4OC0zNDM2M2JjN2M0YzAiOnsiY3JlYXRlIjo2MDAwMDAwMDAwMDAsImRlbGV0ZSI6MTIwMDAwMDAwMDAwMCwidXBkYXRlIjo2MDAwMDAwMDAwMDB9LCJzY2hlbWFfdmVyc2lvbiI6IjEifQ==",
          "dependencies": [
            "aws_key_pair.tf-key-pair",
            "aws_security_group.front",
            "module.front.aws_iam_instance_profile.ec2_instance_profile",
            "module.front.aws_iam_role.ec2_instance_role",
            "module.subnet.aws_subnet.subnet",
            "module.subnet.data.aws_availability_zones.AZ",
            "module.vpc.aws_vpc.vpc",
            "tls_private_key.rsa"
          ]
        }
      ]
    },
    {
      "module": "module.front[1]",
      "mode": "managed",
      "type": "aws_iam_instance_profile",
      "name": "ec2_instance_profile",
      "provider": "provider[\"registry.terraform.io/hashicorp/aws\"]",
      "instances": [
        {
          "schema_version": 0,
          "attributes": {
            "arn": "arn:aws:iam::331188050055:instance-profile/front1",
            "create_date": "2023-02-03T15:45:46Z",
            "id": "front1",
            "name": "front1",
            "name_prefix": null,
            "path": "/",
            "role": "front1-role",
            "tags": null,
            "tags_all": {},
            "unique_id": "AIPAU2HCYTCD6THHGD5PU"
          },
          "sensitive_attributes": [],
          "private": "bnVsbA==",
          "dependencies": [
            "module.front.aws_iam_role.ec2_instance_role"
          ]
        }
      ]
    },
    {
      "module": "module.front[1]",
      "mode": "managed",
      "type": "aws_iam_role",
      "name": "ec2_instance_role",
      "provider": "provider[\"registry.terraform.io/hashicorp/aws\"]",
      "instances": [
        {
          "schema_version": 0,
          "attributes": {
            "arn": "arn:aws:iam::331188050055:role/front1-role",
            "assume_role_policy": "{\"Statement\":[{\"Action\":\"sts:AssumeRole\",\"Effect\":\"Allow\",\"Principal\":{\"Service\":\"ec2.amazonaws.com\"}}],\"Version\":\"2012-10-17\"}",
            "create_date": "2023-02-03T15:45:44Z",
            "description": "",
            "force_detach_policies": false,
            "id": "front1-role",
            "inline_policy": [],
            "managed_policy_arns": [
              "arn:aws:iam::aws:policy/AmazonS3FullAccess"
            ],
            "max_session_duration": 3600,
            "name": "front1-role",
            "name_prefix": "",
            "path": "/",
            "permissions_boundary": null,
            "tags": null,
            "tags_all": {},
            "unique_id": "AROAU2HCYTCDTV7OVYGNC"
          },
          "sensitive_attributes": [],
          "private": "bnVsbA=="
        }
      ]
    },
    {
      "module": "module.front[1]",
      "mode": "managed",
      "type": "aws_instance",
      "name": "server",
      "provider": "provider[\"registry.terraform.io/hashicorp/aws\"]",
      "instances": [
        {
          "schema_version": 1,
          "attributes": {
            "ami": "ami-0333305f9719618c7",
            "arn": "arn:aws:ec2:eu-west-1:331188050055:instance/i-0c2380db9a9a690c3",
            "associate_public_ip_address": true,
            "availability_zone": "eu-west-1a",
            "capacity_reservation_specification": [
              {
                "capacity_reservation_preference": "open",
                "capacity_reservation_target": []
              }
            ],
            "cpu_core_count": 1,
            "cpu_threads_per_core": 1,
            "credit_specification": [
              {
                "cpu_credits": "standard"
              }
            ],
            "disable_api_stop": false,
            "disable_api_termination": false,
            "ebs_block_device": [],
            "ebs_optimized": false,
            "enclave_options": [
              {
                "enabled": false
              }
            ],
            "ephemeral_block_device": [],
            "get_password_data": false,
            "hibernation": false,
            "host_id": "",
            "host_resource_group_arn": null,
            "iam_instance_profile": "front1",
            "id": "i-0c2380db9a9a690c3",
            "instance_initiated_shutdown_behavior": "stop",
            "instance_state": "running",
            "instance_type": "t2.micro",
            "ipv6_address_count": 0,
            "ipv6_addresses": [],
            "key_name": "tf-key-pair",
            "launch_template": [],
            "maintenance_options": [
              {
                "auto_recovery": "default"
              }
            ],
            "metadata_options": [
              {
                "http_endpoint": "enabled",
                "http_put_response_hop_limit": 1,
                "http_tokens": "optional",
                "instance_metadata_tags": "disabled"
              }
            ],
            "monitoring": false,
            "network_interface": [],
            "outpost_arn": "",
            "password_data": "",
            "placement_group": "",
            "placement_partition_number": 0,
            "primary_network_interface_id": "eni-0397a9888e6e53422",
            "private_dns": "ip-10-0-0-8.eu-west-1.compute.internal",
            "private_dns_name_options": [
              {
                "enable_resource_name_dns_a_record": false,
                "enable_resource_name_dns_aaaa_record": false,
                "hostname_type": "ip-name"
              }
            ],
            "private_ip": "10.0.0.8",
            "public_dns": "ec2-176-34-174-125.eu-west-1.compute.amazonaws.com",
            "public_ip": "176.34.174.125",
            "root_block_device": [
              {
                "delete_on_termination": false,
                "device_name": "/dev/sda1",
                "encrypted": true,
                "iops": 3000,
                "kms_key_id": "arn:aws:kms:eu-west-1:331188050055:key/328dcf99-7660-4b2f-a858-8cc61219805c",
                "tags": null,
                "throughput": 125,
                "volume_id": "vol-06dd655fa9c4ce3a6",
                "volume_size": 50,
                "volume_type": "gp3"
              }
            ],
            "secondary_private_ips": [],
            "security_groups": [],
            "source_dest_check": true,
            "subnet_id": "subnet-0c5a196a1c2fee196",
            "tags": {
              "Name": "front1"
            },
            "tags_all": {
              "Name": "front1"
            },
            "tenancy": "default",
            "timeouts": null,
            "user_data": null,
            "user_data_base64": null,
            "user_data_replace_on_change": false,
            "volume_tags": null,
            "vpc_security_group_ids": [
              "sg-03a8162decafdffb5"
            ]
          },
          "sensitive_attributes": [],
          "private": "eyJlMmJmYjczMC1lY2FhLTExZTYtOGY4OC0zNDM2M2JjN2M0YzAiOnsiY3JlYXRlIjo2MDAwMDAwMDAwMDAsImRlbGV0ZSI6MTIwMDAwMDAwMDAwMCwidXBkYXRlIjo2MDAwMDAwMDAwMDB9LCJzY2hlbWFfdmVyc2lvbiI6IjEifQ==",
          "dependencies": [
            "aws_key_pair.tf-key-pair",
            "aws_security_group.front",
            "module.front.aws_iam_instance_profile.ec2_instance_profile",
            "module.front.aws_iam_role.ec2_instance_role",
            "module.subnet.aws_subnet.subnet",
            "module.subnet.data.aws_availability_zones.AZ",
            "module.vpc.aws_vpc.vpc",
            "tls_private_key.rsa"
          ]
        }
      ]
    },
    {
      "module": "module.middle[0]",
      "mode": "managed",
      "type": "aws_iam_instance_profile",
      "name": "ec2_instance_profile",
      "provider": "provider[\"registry.terraform.io/hashicorp/aws\"]",
      "instances": [
        {
          "schema_version": 0,
          "attributes": {
            "arn": "arn:aws:iam::331188050055:instance-profile/middle0",
            "create_date": "2023-02-03T15:45:46Z",
            "id": "middle0",
            "name": "middle0",
            "name_prefix": null,
            "path": "/",
            "role": "middle0-role",
            "tags": null,
            "tags_all": {},
            "unique_id": "AIPAU2HCYTCD5WA2Y7KUQ"
          },
          "sensitive_attributes": [],
          "private": "bnVsbA==",
          "dependencies": [
            "module.middle.aws_iam_role.ec2_instance_role"
          ]
        }
      ]
    },
    {
      "module": "module.middle[0]",
      "mode": "managed",
      "type": "aws_iam_role",
      "name": "ec2_instance_role",
      "provider": "provider[\"registry.terraform.io/hashicorp/aws\"]",
      "instances": [
        {
          "schema_version": 0,
          "attributes": {
            "arn": "arn:aws:iam::331188050055:role/middle0-role",
            "assume_role_policy": "{\"Statement\":[{\"Action\":\"sts:AssumeRole\",\"Effect\":\"Allow\",\"Principal\":{\"Service\":\"ec2.amazonaws.com\"}}],\"Version\":\"2012-10-17\"}",
            "create_date": "2023-02-03T15:45:44Z",
            "description": "",
            "force_detach_policies": false,
            "id": "middle0-role",
            "inline_policy": [],
            "managed_policy_arns": [
              "arn:aws:iam::aws:policy/AmazonS3FullAccess"
            ],
            "max_session_duration": 3600,
            "name": "middle0-role",
            "name_prefix": "",
            "path": "/",
            "permissions_boundary": null,
            "tags": null,
            "tags_all": {},
            "unique_id": "AROAU2HCYTCD4G575C5KJ"
          },
          "sensitive_attributes": [],
          "private": "bnVsbA=="
        }
      ]
    },
    {
      "module": "module.middle[0]",
      "mode": "managed",
      "type": "aws_instance",
      "name": "server",
      "provider": "provider[\"registry.terraform.io/hashicorp/aws\"]",
      "instances": [
        {
          "schema_version": 1,
          "attributes": {
            "ami": "ami-0333305f9719618c7",
            "arn": "arn:aws:ec2:eu-west-1:331188050055:instance/i-01404c0946a0ef8cf",
            "associate_public_ip_address": true,
            "availability_zone": "eu-west-1a",
            "capacity_reservation_specification": [
              {
                "capacity_reservation_preference": "open",
                "capacity_reservation_target": []
              }
            ],
            "cpu_core_count": 1,
            "cpu_threads_per_core": 1,
            "credit_specification": [
              {
                "cpu_credits": "standard"
              }
            ],
            "disable_api_stop": false,
            "disable_api_termination": false,
            "ebs_block_device": [],
            "ebs_optimized": false,
            "enclave_options": [
              {
                "enabled": false
              }
            ],
            "ephemeral_block_device": [],
            "get_password_data": false,
            "hibernation": false,
            "host_id": "",
            "host_resource_group_arn": null,
            "iam_instance_profile": "middle0",
            "id": "i-01404c0946a0ef8cf",
            "instance_initiated_shutdown_behavior": "stop",
            "instance_state": "running",
            "instance_type": "t2.micro",
            "ipv6_address_count": 0,
            "ipv6_addresses": [],
            "key_name": "tf-key-pair",
            "launch_template": [],
            "maintenance_options": [
              {
                "auto_recovery": "default"
              }
            ],
            "metadata_options": [
              {
                "http_endpoint": "enabled",
                "http_put_response_hop_limit": 1,
                "http_tokens": "optional",
                "instance_metadata_tags": "disabled"
              }
            ],
            "monitoring": false,
            "network_interface": [],
            "outpost_arn": "",
            "password_data": "",
            "placement_group": "",
            "placement_partition_number": 0,
            "primary_network_interface_id": "eni-03429887b33257211",
            "private_dns": "ip-10-0-1-11.eu-west-1.compute.internal",
            "private_dns_name_options": [
              {
                "enable_resource_name_dns_a_record": false,
                "enable_resource_name_dns_aaaa_record": false,
                "hostname_type": "ip-name"
              }
            ],
            "private_ip": "10.0.1.11",
            "public_dns": "ec2-54-195-27-66.eu-west-1.compute.amazonaws.com",
            "public_ip": "54.195.27.66",
            "root_block_device": [
              {
                "delete_on_termination": false,
                "device_name": "/dev/sda1",
                "encrypted": true,
                "iops": 3000,
                "kms_key_id": "arn:aws:kms:eu-west-1:331188050055:key/328dcf99-7660-4b2f-a858-8cc61219805c",
                "tags": null,
                "throughput": 125,
                "volume_id": "vol-0df147e8e83209877",
                "volume_size": 50,
                "volume_type": "gp3"
              }
            ],
            "secondary_private_ips": [],
            "security_groups": [],
            "source_dest_check": true,
            "subnet_id": "subnet-00d7bdbcc88395bb4",
            "tags": {
              "Name": "middle0"
            },
            "tags_all": {
              "Name": "middle0"
            },
            "tenancy": "default",
            "timeouts": null,
            "user_data": null,
            "user_data_base64": null,
            "user_data_replace_on_change": false,
            "volume_tags": null,
            "vpc_security_group_ids": [
              "sg-0a2a6ed50aad98885"
            ]
          },
          "sensitive_attributes": [],
          "private": "eyJlMmJmYjczMC1lY2FhLTExZTYtOGY4OC0zNDM2M2JjN2M0YzAiOnsiY3JlYXRlIjo2MDAwMDAwMDAwMDAsImRlbGV0ZSI6MTIwMDAwMDAwMDAwMCwidXBkYXRlIjo2MDAwMDAwMDAwMDB9LCJzY2hlbWFfdmVyc2lvbiI6IjEifQ==",
          "dependencies": [
            "aws_key_pair.tf-key-pair",
            "aws_security_group.front",
            "module.middle.aws_iam_instance_profile.ec2_instance_profile",
            "module.middle.aws_iam_role.ec2_instance_role",
            "module.subnet.aws_subnet.subnet",
            "module.subnet.data.aws_availability_zones.AZ",
            "module.vpc.aws_vpc.vpc",
            "tls_private_key.rsa"
          ]
        }
      ]
    },
    {
      "module": "module.middle[1]",
      "mode": "managed",
      "type": "aws_iam_instance_profile",
      "name": "ec2_instance_profile",
      "provider": "provider[\"registry.terraform.io/hashicorp/aws\"]",
      "instances": [
        {
          "schema_version": 0,
          "attributes": {
            "arn": "arn:aws:iam::331188050055:instance-profile/middle1",
            "create_date": "2023-02-03T15:45:46Z",
            "id": "middle1",
            "name": "middle1",
            "name_prefix": null,
            "path": "/",
            "role": "middle1-role",
            "tags": null,
            "tags_all": {},
            "unique_id": "AIPAU2HCYTCDZ5KM2PY3I"
          },
          "sensitive_attributes": [],
          "private": "bnVsbA==",
          "dependencies": [
            "module.middle.aws_iam_role.ec2_instance_role"
          ]
        }
      ]
    },
    {
      "module": "module.middle[1]",
      "mode": "managed",
      "type": "aws_iam_role",
      "name": "ec2_instance_role",
      "provider": "provider[\"registry.terraform.io/hashicorp/aws\"]",
      "instances": [
        {
          "schema_version": 0,
          "attributes": {
            "arn": "arn:aws:iam::331188050055:role/middle1-role",
            "assume_role_policy": "{\"Statement\":[{\"Action\":\"sts:AssumeRole\",\"Effect\":\"Allow\",\"Principal\":{\"Service\":\"ec2.amazonaws.com\"}}],\"Version\":\"2012-10-17\"}",
            "create_date": "2023-02-03T15:45:44Z",
            "description": "",
            "force_detach_policies": false,
            "id": "middle1-role",
            "inline_policy": [],
            "managed_policy_arns": [
              "arn:aws:iam::aws:policy/AmazonS3FullAccess"
            ],
            "max_session_duration": 3600,
            "name": "middle1-role",
            "name_prefix": "",
            "path": "/",
            "permissions_boundary": null,
            "tags": null,
            "tags_all": {},
            "unique_id": "AROAU2HCYTCD4HFKOA3U2"
          },
          "sensitive_attributes": [],
          "private": "bnVsbA=="
        }
      ]
    },
    {
      "module": "module.middle[1]",
      "mode": "managed",
      "type": "aws_instance",
      "name": "server",
      "provider": "provider[\"registry.terraform.io/hashicorp/aws\"]",
      "instances": [
        {
          "schema_version": 1,
          "attributes": {
            "ami": "ami-0333305f9719618c7",
            "arn": "arn:aws:ec2:eu-west-1:331188050055:instance/i-0fecfd5b52fdf95d1",
            "associate_public_ip_address": true,
            "availability_zone": "eu-west-1a",
            "capacity_reservation_specification": [
              {
                "capacity_reservation_preference": "open",
                "capacity_reservation_target": []
              }
            ],
            "cpu_core_count": 1,
            "cpu_threads_per_core": 1,
            "credit_specification": [
              {
                "cpu_credits": "standard"
              }
            ],
            "disable_api_stop": false,
            "disable_api_termination": false,
            "ebs_block_device": [],
            "ebs_optimized": false,
            "enclave_options": [
              {
                "enabled": false
              }
            ],
            "ephemeral_block_device": [],
            "get_password_data": false,
            "hibernation": false,
            "host_id": "",
            "host_resource_group_arn": null,
            "iam_instance_profile": "middle1",
            "id": "i-0fecfd5b52fdf95d1",
            "instance_initiated_shutdown_behavior": "stop",
            "instance_state": "running",
            "instance_type": "t2.micro",
            "ipv6_address_count": 0,
            "ipv6_addresses": [],
            "key_name": "tf-key-pair",
            "launch_template": [],
            "maintenance_options": [
              {
                "auto_recovery": "default"
              }
            ],
            "metadata_options": [
              {
                "http_endpoint": "enabled",
                "http_put_response_hop_limit": 1,
                "http_tokens": "optional",
                "instance_metadata_tags": "disabled"
              }
            ],
            "monitoring": false,
            "network_interface": [],
            "outpost_arn": "",
            "password_data": "",
            "placement_group": "",
            "placement_partition_number": 0,
            "primary_network_interface_id": "eni-01437944b48e2f52f",
            "private_dns": "ip-10-0-1-10.eu-west-1.compute.internal",
            "private_dns_name_options": [
              {
                "enable_resource_name_dns_a_record": false,
                "enable_resource_name_dns_aaaa_record": false,
                "hostname_type": "ip-name"
              }
            ],
            "private_ip": "10.0.1.10",
            "public_dns": "ec2-54-78-84-177.eu-west-1.compute.amazonaws.com",
            "public_ip": "54.78.84.177",
            "root_block_device": [
              {
                "delete_on_termination": false,
                "device_name": "/dev/sda1",
                "encrypted": true,
                "iops": 3000,
                "kms_key_id": "arn:aws:kms:eu-west-1:331188050055:key/328dcf99-7660-4b2f-a858-8cc61219805c",
                "tags": null,
                "throughput": 125,
                "volume_id": "vol-0638c2878c71990a8",
                "volume_size": 50,
                "volume_type": "gp3"
              }
            ],
            "secondary_private_ips": [],
            "security_groups": [],
            "source_dest_check": true,
            "subnet_id": "subnet-00d7bdbcc88395bb4",
            "tags": {
              "Name": "middle1"
            },
            "tags_all": {
              "Name": "middle1"
            },
            "tenancy": "default",
            "timeouts": null,
            "user_data": null,
            "user_data_base64": null,
            "user_data_replace_on_change": false,
            "volume_tags": null,
            "vpc_security_group_ids": [
              "sg-0a2a6ed50aad98885"
            ]
          },
          "sensitive_attributes": [],
          "private": "eyJlMmJmYjczMC1lY2FhLTExZTYtOGY4OC0zNDM2M2JjN2M0YzAiOnsiY3JlYXRlIjo2MDAwMDAwMDAwMDAsImRlbGV0ZSI6MTIwMDAwMDAwMDAwMCwidXBkYXRlIjo2MDAwMDAwMDAwMDB9LCJzY2hlbWFfdmVyc2lvbiI6IjEifQ==",
          "dependencies": [
            "aws_key_pair.tf-key-pair",
            "aws_security_group.front",
            "module.middle.aws_iam_instance_profile.ec2_instance_profile",
            "module.middle.aws_iam_role.ec2_instance_role",
            "module.subnet.aws_subnet.subnet",
            "module.subnet.data.aws_availability_zones.AZ",
            "module.vpc.aws_vpc.vpc",
            "tls_private_key.rsa"
          ]
        }
      ]
    },
    {
      "module": "module.subnet[\"back\"]",
      "mode": "data",
      "type": "aws_availability_zones",
      "name": "AZ",
      "provider": "provider[\"registry.terraform.io/hashicorp/aws\"]",
      "instances": [
        {
          "schema_version": 0,
          "attributes": {
            "all_availability_zones": null,
            "exclude_names": null,
            "exclude_zone_ids": null,
            "filter": null,
            "group_names": [
              "eu-west-1"
            ],
            "id": "eu-west-1",
            "names": [
              "eu-west-1a",
              "eu-west-1b",
              "eu-west-1c"
            ],
            "state": "available",
            "timeouts": null,
            "zone_ids": [
              "euw1-az1",
              "euw1-az2",
              "euw1-az3"
            ]
          },
          "sensitive_attributes": []
        }
      ]
    },
    {
      "module": "module.subnet[\"back\"]",
      "mode": "managed",
      "type": "aws_subnet",
      "name": "subnet",
      "provider": "provider[\"registry.terraform.io/hashicorp/aws\"]",
      "instances": [
        {
          "index_key": 0,
          "schema_version": 1,
          "attributes": {
            "arn": "arn:aws:ec2:eu-west-1:331188050055:subnet/subnet-0a43cd18542ca48af",
            "assign_ipv6_address_on_creation": false,
            "availability_zone": "eu-west-1a",
            "availability_zone_id": "euw1-az1",
            "cidr_block": "10.0.2.0/28",
            "customer_owned_ipv4_pool": "",
            "enable_dns64": false,
            "enable_resource_name_dns_a_record_on_launch": false,
            "enable_resource_name_dns_aaaa_record_on_launch": false,
            "id": "subnet-0a43cd18542ca48af",
            "ipv6_cidr_block": "",
            "ipv6_cidr_block_association_id": "",
            "ipv6_native": false,
            "map_customer_owned_ip_on_launch": false,
            "map_public_ip_on_launch": true,
            "outpost_arn": "",
            "owner_id": "331188050055",
            "private_dns_hostname_type_on_launch": "ip-name",
            "tags": {
              "Name": "back-subnet"
            },
            "tags_all": {
              "Name": "back-subnet"
            },
            "timeouts": null,
            "vpc_id": "vpc-0b23de13a8358578a"
          },
          "sensitive_attributes": [],
          "private": "eyJlMmJmYjczMC1lY2FhLTExZTYtOGY4OC0zNDM2M2JjN2M0YzAiOnsiY3JlYXRlIjo2MDAwMDAwMDAwMDAsImRlbGV0ZSI6MTIwMDAwMDAwMDAwMH0sInNjaGVtYV92ZXJzaW9uIjoiMSJ9",
          "dependencies": [
            "module.subnet.data.aws_availability_zones.AZ",
            "module.vpc.aws_vpc.vpc"
          ]
        }
      ]
    },
    {
      "module": "module.subnet[\"front\"]",
      "mode": "data",
      "type": "aws_availability_zones",
      "name": "AZ",
      "provider": "provider[\"registry.terraform.io/hashicorp/aws\"]",
      "instances": [
        {
          "schema_version": 0,
          "attributes": {
            "all_availability_zones": null,
            "exclude_names": null,
            "exclude_zone_ids": null,
            "filter": null,
            "group_names": [
              "eu-west-1"
            ],
            "id": "eu-west-1",
            "names": [
              "eu-west-1a",
              "eu-west-1b",
              "eu-west-1c"
            ],
            "state": "available",
            "timeouts": null,
            "zone_ids": [
              "euw1-az1",
              "euw1-az2",
              "euw1-az3"
            ]
          },
          "sensitive_attributes": []
        }
      ]
    },
    {
      "module": "module.subnet[\"front\"]",
      "mode": "managed",
      "type": "aws_subnet",
      "name": "subnet",
      "provider": "provider[\"registry.terraform.io/hashicorp/aws\"]",
      "instances": [
        {
          "index_key": 0,
          "schema_version": 1,
          "attributes": {
            "arn": "arn:aws:ec2:eu-west-1:331188050055:subnet/subnet-0c5a196a1c2fee196",
            "assign_ipv6_address_on_creation": false,
            "availability_zone": "eu-west-1a",
            "availability_zone_id": "euw1-az1",
            "cidr_block": "10.0.0.0/28",
            "customer_owned_ipv4_pool": "",
            "enable_dns64": false,
            "enable_resource_name_dns_a_record_on_launch": false,
            "enable_resource_name_dns_aaaa_record_on_launch": false,
            "id": "subnet-0c5a196a1c2fee196",
            "ipv6_cidr_block": "",
            "ipv6_cidr_block_association_id": "",
            "ipv6_native": false,
            "map_customer_owned_ip_on_launch": false,
            "map_public_ip_on_launch": true,
            "outpost_arn": "",
            "owner_id": "331188050055",
            "private_dns_hostname_type_on_launch": "ip-name",
            "tags": {
              "Name": "front-subnet"
            },
            "tags_all": {
              "Name": "front-subnet"
            },
            "timeouts": null,
            "vpc_id": "vpc-0b23de13a8358578a"
          },
          "sensitive_attributes": [],
          "private": "eyJlMmJmYjczMC1lY2FhLTExZTYtOGY4OC0zNDM2M2JjN2M0YzAiOnsiY3JlYXRlIjo2MDAwMDAwMDAwMDAsImRlbGV0ZSI6MTIwMDAwMDAwMDAwMH0sInNjaGVtYV92ZXJzaW9uIjoiMSJ9",
          "dependencies": [
            "module.subnet.data.aws_availability_zones.AZ",
            "module.vpc.aws_vpc.vpc"
          ]
        }
      ]
    },
    {
      "module": "module.subnet[\"middle\"]",
      "mode": "data",
      "type": "aws_availability_zones",
      "name": "AZ",
      "provider": "provider[\"registry.terraform.io/hashicorp/aws\"]",
      "instances": [
        {
          "schema_version": 0,
          "attributes": {
            "all_availability_zones": null,
            "exclude_names": null,
            "exclude_zone_ids": null,
            "filter": null,
            "group_names": [
              "eu-west-1"
            ],
            "id": "eu-west-1",
            "names": [
              "eu-west-1a",
              "eu-west-1b",
              "eu-west-1c"
            ],
            "state": "available",
            "timeouts": null,
            "zone_ids": [
              "euw1-az1",
              "euw1-az2",
              "euw1-az3"
            ]
          },
          "sensitive_attributes": []
        }
      ]
    },
    {
      "module": "module.subnet[\"middle\"]",
      "mode": "managed",
      "type": "aws_subnet",
      "name": "subnet",
      "provider": "provider[\"registry.terraform.io/hashicorp/aws\"]",
      "instances": [
        {
          "index_key": 0,
          "schema_version": 1,
          "attributes": {
            "arn": "arn:aws:ec2:eu-west-1:331188050055:subnet/subnet-00d7bdbcc88395bb4",
            "assign_ipv6_address_on_creation": false,
            "availability_zone": "eu-west-1a",
            "availability_zone_id": "euw1-az1",
            "cidr_block": "10.0.1.0/28",
            "customer_owned_ipv4_pool": "",
            "enable_dns64": false,
            "enable_resource_name_dns_a_record_on_launch": false,
            "enable_resource_name_dns_aaaa_record_on_launch": false,
            "id": "subnet-00d7bdbcc88395bb4",
            "ipv6_cidr_block": "",
            "ipv6_cidr_block_association_id": "",
            "ipv6_native": false,
            "map_customer_owned_ip_on_launch": false,
            "map_public_ip_on_launch": true,
            "outpost_arn": "",
            "owner_id": "331188050055",
            "private_dns_hostname_type_on_launch": "ip-name",
            "tags": {
              "Name": "middle-subnet"
            },
            "tags_all": {
              "Name": "middle-subnet"
            },
            "timeouts": null,
            "vpc_id": "vpc-0b23de13a8358578a"
          },
          "sensitive_attributes": [],
          "private": "eyJlMmJmYjczMC1lY2FhLTExZTYtOGY4OC0zNDM2M2JjN2M0YzAiOnsiY3JlYXRlIjo2MDAwMDAwMDAwMDAsImRlbGV0ZSI6MTIwMDAwMDAwMDAwMH0sInNjaGVtYV92ZXJzaW9uIjoiMSJ9",
          "dependencies": [
            "module.subnet.data.aws_availability_zones.AZ",
            "module.vpc.aws_vpc.vpc"
          ]
        }
      ]
    },
    {
      "module": "module.vpc",
      "mode": "managed",
      "type": "aws_vpc",
      "name": "vpc",
      "provider": "provider[\"registry.terraform.io/hashicorp/aws\"]",
      "instances": [
        {
          "schema_version": 1,
          "attributes": {
            "arn": "arn:aws:ec2:eu-west-1:331188050055:vpc/vpc-0b23de13a8358578a",
            "assign_generated_ipv6_cidr_block": false,
            "cidr_block": "10.0.0.0/16",
            "default_network_acl_id": "acl-048df318b6af1591f",
            "default_route_table_id": "rtb-0268e54de57de5abb",
            "default_security_group_id": "sg-033452006daf854f3",
            "dhcp_options_id": "dopt-078a082ea4b9efaf1",
            "enable_classiclink": false,
            "enable_classiclink_dns_support": false,
            "enable_dns_hostnames": true,
            "enable_dns_support": true,
            "enable_network_address_usage_metrics": false,
            "id": "vpc-0b23de13a8358578a",
            "instance_tenancy": "default",
            "ipv4_ipam_pool_id": null,
            "ipv4_netmask_length": null,
            "ipv6_association_id": "",
            "ipv6_cidr_block": "",
            "ipv6_cidr_block_network_border_group": "",
            "ipv6_ipam_pool_id": "",
            "ipv6_netmask_length": 0,
            "main_route_table_id": "rtb-0268e54de57de5abb",
            "owner_id": "331188050055",
            "tags": {
              "Name": "test_vpc"
            },
            "tags_all": {
              "Name": "test_vpc"
            }
          },
          "sensitive_attributes": [],
          "private": "eyJzY2hlbWFfdmVyc2lvbiI6IjEifQ=="
        }
      ]
    }
  ],
  "check_results": null
}
